
Microsoft Visual Studio Solution File, Format Version 12.00
# Visual Studio Version 17
VisualStudioVersion = 17.0.32014.148
MinimumVisualStudioVersion = 10.0.40219.1
Project("{FAE04EC0-301F-11D3-BF4B-00C04F79EFBC}") = "ASP.NET Core 6.0 API", "ASP.NET Core 6.0 API\ASP.NET Core 6.0 API.csproj", "{B0CF6DCF-504A-438C-BC0A-0A41A8033D1D}"
EndProject
Global
	GlobalSection(SolutionConfigurationPlatforms) = preSolution
		Debug|Any CPU = Debug|Any CPU
		Release|Any CPU = Release|Any CPU
	EndGlobalSection
	GlobalSection(ProjectConfigurationPlatforms) = postSolution
		{B0CF6DCF-504A-438C-BC0A-0A41A8033D1D}.Debug|Any CPU.ActiveCfg = Debug|Any CPU
		{B0CF6DCF-504A-438C-BC0A-0A41A8033D1D}.Debug|Any CPU.Build.0 = Debug|Any CPU
		{B0CF6DCF-504A-438C-BC0A-0A41A8033D1D}.Release|Any CPU.ActiveCfg = Release|Any CPU
		{B0CF6DCF-504A-438C-BC0A-0A41A8033D1D}.Release|Any CPU.Build.0 = Release|Any CPU
	EndGlobalSection
	GlobalSection(SolutionProperties) = preSolution
		HideSolutionNode = FALSE
	EndGlobalSection
	GlobalSection(ExtensibilityGlobals) = postSolution
		SolutionGuid = {8C2AE317-707E-403D-8D79-B7FDCE96CB8F}
	EndGlobalSection
EndGlobal
